
Microsoft Visual Studio Solution File, Format Version 11.00
# Visual Studio 2010
Project("{FAE04EC0-301F-11D3-BF4B-00C04F79EFBC}") = "Assembly-CSharp", "Assembly-CSharp.csproj", "{C32CFFA5-5708-C25F-693E-3EF9D0819C4D}"
EndProject
Project("{FAE04EC0-301F-11D3-BF4B-00C04F79EFBC}") = "Assembly-CSharp-firstpass", "Assembly-CSharp-firstpass.csproj", "{45E3ED5F-9F39-BDC9-C49A-7FB61912BBE2}"
EndProject
Project("{FAE04EC0-301F-11D3-BF4B-00C04F79EFBC}") = "Assembly-CSharp-Editor", "Assembly-CSharp-Editor.csproj", "{3F442148-5C44-9705-A204-E89942160BFB}"
EndProject
Project("{FAE04EC0-301F-11D3-BF4B-00C04F79EFBC}") = "Assembly-CSharp-Editor-firstpass", "Assembly-CSharp-Editor-firstpass.csproj", "{4F349FBC-A15B-00F1-71EC-FEF3256B0056}"
EndProject
Global
	GlobalSection(SolutionConfigurationPlatforms) = preSolution
		Debug|Any CPU = Debug|Any CPU
		Release|Any CPU = Release|Any CPU
	EndGlobalSection
	GlobalSection(ProjectConfigurationPlatforms) = postSolution
		{C32CFFA5-5708-C25F-693E-3EF9D0819C4D}.Debug|Any CPU.ActiveCfg = Debug|Any CPU
		{C32CFFA5-5708-C25F-693E-3EF9D0819C4D}.Debug|Any CPU.Build.0 = Debug|Any CPU
		{C32CFFA5-5708-C25F-693E-3EF9D0819C4D}.Release|Any CPU.ActiveCfg = Release|Any CPU
		{C32CFFA5-5708-C25F-693E-3EF9D0819C4D}.Release|Any CPU.Build.0 = Release|Any CPU
		{45E3ED5F-9F39-BDC9-C49A-7FB61912BBE2}.Debug|Any CPU.ActiveCfg = Debug|Any CPU
		{45E3ED5F-9F39-BDC9-C49A-7FB61912BBE2}.Debug|Any CPU.Build.0 = Debug|Any CPU
		{45E3ED5F-9F39-BDC9-C49A-7FB61912BBE2}.Release|Any CPU.ActiveCfg = Release|Any CPU
		{45E3ED5F-9F39-BDC9-C49A-7FB61912BBE2}.Release|Any CPU.Build.0 = Release|Any CPU
		{3F442148-5C44-9705-A204-E89942160BFB}.Debug|Any CPU.ActiveCfg = Debug|Any CPU
		{3F442148-5C44-9705-A204-E89942160BFB}.Debug|Any CPU.Build.0 = Debug|Any CPU
		{3F442148-5C44-9705-A204-E89942160BFB}.Release|Any CPU.ActiveCfg = Release|Any CPU
		{3F442148-5C44-9705-A204-E89942160BFB}.Release|Any CPU.Build.0 = Release|Any CPU
		{4F349FBC-A15B-00F1-71EC-FEF3256B0056}.Debug|Any CPU.ActiveCfg = Debug|Any CPU
		{4F349FBC-A15B-00F1-71EC-FEF3256B0056}.Debug|Any CPU.Build.0 = Debug|Any CPU
		{4F349FBC-A15B-00F1-71EC-FEF3256B0056}.Release|Any CPU.ActiveCfg = Release|Any CPU
		{4F349FBC-A15B-00F1-71EC-FEF3256B0056}.Release|Any CPU.Build.0 = Release|Any CPU
	EndGlobalSection
	GlobalSection(SolutionProperties) = preSolution
		HideSolutionNode = FALSE
	EndGlobalSection
EndGlobal
